// !$*UTF8*$!
{
	archiveVersion = 1;
	classes = {
	};
	objectVersion = 77;
	objects = {

/* Begin PBXBuildFile section */
		AE80006A2CED640E00A9CC0F /* FirebaseAnalytics in Frameworks */ = {isa = PBXBuildFile; productRef = AE8000692CED640E00A9CC0F /* FirebaseAnalytics */; };
		AE80006C2CED640E00A9CC0F /* FirebaseAuth in Frameworks */ = {isa = PBXBuildFile; productRef = AE80006B2CED640E00A9CC0F /* FirebaseAuth */; };
		AE80006E2CED640E00A9CC0F /* FirebaseCore in Frameworks */ = {isa = PBXBuildFile; productRef = AE80006D2CED640E00A9CC0F /* FirebaseCore */; };
		AE8000702CED640E00A9CC0F /* FirebaseFirestore in Frameworks */ = {isa = PBXBuildFile; productRef = AE80006F2CED640E00A9CC0F /* FirebaseFirestore */; };
		AE8000722CED640E00A9CC0F /* FirebaseStorage in Frameworks */ = {isa = PBXBuildFile; productRef = AE8000712CED640E00A9CC0F /* FirebaseStorage */; };
/* End PBXBuildFile section */

/* Begin PBXContainerItemProxy section */
		AE8000452CED60A200A9CC0F /* PBXContainerItemProxy */ = {
			isa = PBXContainerItemProxy;
			containerPortal = AE8000262CED60A000A9CC0F /* Project object */;
			proxyType = 1;
			remoteGlobalIDString = AE80002D2CED60A000A9CC0F;
			remoteInfo = VoiceBloom;
		};
		AE80004F2CED60A200A9CC0F /* PBXContainerItemProxy */ = {
			isa = PBXContainerItemProxy;
			containerPortal = AE8000262CED60A000A9CC0F /* Project object */;
			proxyType = 1;
			remoteGlobalIDString = AE80002D2CED60A000A9CC0F;
			remoteInfo = VoiceBloom;
		};
/* End PBXContainerItemProxy section */

/* Begin PBXFileReference section */
		AE80002E2CED60A000A9CC0F /* VoiceBloom.app */ = {isa = PBXFileReference; explicitFileType = wrapper.application; includeInIndex = 0; path = VoiceBloom.app; sourceTree = BUILT_PRODUCTS_DIR; };
		AE8000442CED60A200A9CC0F /* VoiceBloomTests.xctest */ = {isa = PBXFileReference; explicitFileType = wrapper.cfbundle; includeInIndex = 0; path = VoiceBloomTests.xctest; sourceTree = BUILT_PRODUCTS_DIR; };
		AE80004E2CED60A200A9CC0F /* VoiceBloomUITests.xctest */ = {isa = PBXFileReference; explicitFileType = wrapper.cfbundle; includeInIndex = 0; path = VoiceBloomUITests.xctest; sourceTree = BUILT_PRODUCTS_DIR; };
/* End PBXFileReference section */

/* Begin PBXFileSystemSynchronizedBuildFileExceptionSet section */
		AE8000562CED60A200A9CC0F /* Exceptions for "VoiceBloom" folder in "VoiceBloom" target */ = {
			isa = PBXFileSystemSynchronizedBuildFileExceptionSet;
			membershipExceptions = (
				Info.plist,
			);
			target = AE80002D2CED60A000A9CC0F /* VoiceBloom */;
		};
		AE8000962CFB978A00A9CC0F /* Exceptions for "VoiceBloom" folder in "VoiceBloomTests" target */ = {
			isa = PBXFileSystemSynchronizedBuildFileExceptionSet;
			membershipExceptions = (
				"GoogleService-Info.plist",
			);
			target = AE8000432CED60A200A9CC0F /* VoiceBloomTests */;
		};
		AE8000972CFB978A00A9CC0F /* Exceptions for "VoiceBloom" folder in "VoiceBloomUITests" target */ = {
			isa = PBXFileSystemSynchronizedBuildFileExceptionSet;
			membershipExceptions = (
				"GoogleService-Info.plist",
			);
			target = AE80004D2CED60A200A9CC0F /* VoiceBloomUITests */;
		};
/* End PBXFileSystemSynchronizedBuildFileExceptionSet section */

/* Begin PBXFileSystemSynchronizedRootGroup section */
		AE8000302CED60A000A9CC0F /* VoiceBloom */ = {
			isa = PBXFileSystemSynchronizedRootGroup;
			exceptions = (
				AE8000562CED60A200A9CC0F /* Exceptions for "VoiceBloom" folder in "VoiceBloom" target */,
				AE8000962CFB978A00A9CC0F /* Exceptions for "VoiceBloom" folder in "VoiceBloomTests" target */,
				AE8000972CFB978A00A9CC0F /* Exceptions for "VoiceBloom" folder in "VoiceBloomUITests" target */,
			);
			path = VoiceBloom;
			sourceTree = "<group>";
		};
		AE8000472CED60A200A9CC0F /* VoiceBloomTests */ = {
			isa = PBXFileSystemSynchronizedRootGroup;
			path = VoiceBloomTests;
			sourceTree = "<group>";
		};
		AE8000512CED60A200A9CC0F /* VoiceBloomUITests */ = {
			isa = PBXFileSystemSynchronizedRootGroup;
			path = VoiceBloomUITests;
			sourceTree = "<group>";
		};
/* End PBXFileSystemSynchronizedRootGroup section */

/* Begin PBXFrameworksBuildPhase section */
		AE80002B2CED60A000A9CC0F /* Frameworks */ = {
			isa = PBXFrameworksBuildPhase;
			buildActionMask = 2147483647;
			files = (
				AE80006A2CED640E00A9CC0F /* FirebaseAnalytics in Frameworks */,
				AE8000702CED640E00A9CC0F /* FirebaseFirestore in Frameworks */,
				AE80006E2CED640E00A9CC0F /* FirebaseCore in Frameworks */,
				AE8000722CED640E00A9CC0F /* FirebaseStorage in Frameworks */,
				AE80006C2CED640E00A9CC0F /* FirebaseAuth in Frameworks */,
			);
			runOnlyForDeploymentPostprocessing = 0;
		};
		AE8000412CED60A200A9CC0F /* Frameworks */ = {
			isa = PBXFrameworksBuildPhase;
			buildActionMask = 2147483647;
			files = (
			);
			runOnlyForDeploymentPostprocessing = 0;
		};
		AE80004B2CED60A200A9CC0F /* Frameworks */ = {
			isa = PBXFrameworksBuildPhase;
			buildActionMask = 2147483647;
			files = (
			);
			runOnlyForDeploymentPostprocessing = 0;
		};
/* End PBXFrameworksBuildPhase section */

/* Begin PBXGroup section */
		AE8000252CED60A000A9CC0F = {
			isa = PBXGroup;
			children = (
				AE8000302CED60A000A9CC0F /* VoiceBloom */,
				AE8000472CED60A200A9CC0F /* VoiceBloomTests */,
				AE8000512CED60A200A9CC0F /* VoiceBloomUITests */,
				AE80002F2CED60A000A9CC0F /* Products */,
			);
			sourceTree = "<group>";
		};
		AE80002F2CED60A000A9CC0F /* Products */ = {
			isa = PBXGroup;
			children = (
				AE80002E2CED60A000A9CC0F /* VoiceBloom.app */,
				AE8000442CED60A200A9CC0F /* VoiceBloomTests.xctest */,
				AE80004E2CED60A200A9CC0F /* VoiceBloomUITests.xctest */,
			);
			name = Products;
			sourceTree = "<group>";
		};
/* End PBXGroup section */

/* Begin PBXNativeTarget section */
		AE80002D2CED60A000A9CC0F /* VoiceBloom */ = {
			isa = PBXNativeTarget;
			buildConfigurationList = AE8000572CED60A200A9CC0F /* Build configuration list for PBXNativeTarget "VoiceBloom" */;
			buildPhases = (
				AE80002A2CED60A000A9CC0F /* Sources */,
				AE80002B2CED60A000A9CC0F /* Frameworks */,
				AE80002C2CED60A000A9CC0F /* Resources */,
			);
			buildRules = (
			);
			dependencies = (
			);
			fileSystemSynchronizedGroups = (
				AE8000302CED60A000A9CC0F /* VoiceBloom */,
			);
			name = VoiceBloom;
			packageProductDependencies = (
				AE8000692CED640E00A9CC0F /* FirebaseAnalytics */,
				AE80006B2CED640E00A9CC0F /* FirebaseAuth */,
				AE80006D2CED640E00A9CC0F /* FirebaseCore */,
				AE80006F2CED640E00A9CC0F /* FirebaseFirestore */,
				AE8000712CED640E00A9CC0F /* FirebaseStorage */,
			);
			productName = VoiceBloom;
			productReference = AE80002E2CED60A000A9CC0F /* VoiceBloom.app */;
			productType = "com.apple.product-type.application";
		};
		AE8000432CED60A200A9CC0F /* VoiceBloomTests */ = {
			isa = PBXNativeTarget;
			buildConfigurationList = AE80005C2CED60A200A9CC0F /* Build configuration list for PBXNativeTarget "VoiceBloomTests" */;
			buildPhases = (
				AE8000402CED60A200A9CC0F /* Sources */,
				AE8000412CED60A200A9CC0F /* Frameworks */,
				AE8000422CED60A200A9CC0F /* Resources */,
			);
			buildRules = (
			);
			dependencies = (
				AE8000462CED60A200A9CC0F /* PBXTargetDependency */,
			);
			fileSystemSynchronizedGroups = (
				AE8000472CED60A200A9CC0F /* VoiceBloomTests */,
			);
			name = VoiceBloomTests;
			packageProductDependencies = (
			);
			productName = VoiceBloomTests;
			productReference = AE8000442CED60A200A9CC0F /* VoiceBloomTests.xctest */;
			productType = "com.apple.product-type.bundle.unit-test";
		};
		AE80004D2CED60A200A9CC0F /* VoiceBloomUITests */ = {
			isa = PBXNativeTarget;
			buildConfigurationList = AE80005F2CED60A200A9CC0F /* Build configuration list for PBXNativeTarget "VoiceBloomUITests" */;
			buildPhases = (
				AE80004A2CED60A200A9CC0F /* Sources */,
				AE80004B2CED60A200A9CC0F /* Frameworks */,
				AE80004C2CED60A200A9CC0F /* Resources */,
			);
			buildRules = (
			);
			dependencies = (
				AE8000502CED60A200A9CC0F /* PBXTargetDependency */,
			);
			fileSystemSynchronizedGroups = (
				AE8000512CED60A200A9CC0F /* VoiceBloomUITests */,
			);
			name = VoiceBloomUITests;
			packageProductDependencies = (
			);
			productName = VoiceBloomUITests;
			productReference = AE80004E2CED60A200A9CC0F /* VoiceBloomUITests.xctest */;
			productType = "com.apple.product-type.bundle.ui-testing";
		};
/* End PBXNativeTarget section */

/* Begin PBXProject section */
		AE8000262CED60A000A9CC0F /* Project object */ = {
			isa = PBXProject;
			attributes = {
				BuildIndependentTargetsInParallel = 1;
				LastSwiftUpdateCheck = 1610;
				LastUpgradeCheck = 1610;
				TargetAttributes = {
					AE80002D2CED60A000A9CC0F = {
						CreatedOnToolsVersion = 16.1;
					};
					AE8000432CED60A200A9CC0F = {
						CreatedOnToolsVersion = 16.1;
						TestTargetID = AE80002D2CED60A000A9CC0F;
					};
					AE80004D2CED60A200A9CC0F = {
						CreatedOnToolsVersion = 16.1;
						TestTargetID = AE80002D2CED60A000A9CC0F;
					};
				};
			};
			buildConfigurationList = AE8000292CED60A000A9CC0F /* Build configuration list for PBXProject "VoiceBloom" */;
			developmentRegion = en;
			hasScannedForEncodings = 0;
			knownRegions = (
				en,
				Base,
			);
			mainGroup = AE8000252CED60A000A9CC0F;
			minimizedProjectReferenceProxies = 1;
			packageReferences = (
				AE8000682CED640E00A9CC0F /* XCRemoteSwiftPackageReference "firebase-ios-sdk" */,
			);
			preferredProjectObjectVersion = 77;
			productRefGroup = AE80002F2CED60A000A9CC0F /* Products */;
			projectDirPath = "";
			projectRoot = "";
			targets = (
				AE80002D2CED60A000A9CC0F /* VoiceBloom */,
				AE8000432CED60A200A9CC0F /* VoiceBloomTests */,
				AE80004D2CED60A200A9CC0F /* VoiceBloomUITests */,
			);
		};
/* End PBXProject section */

/* Begin PBXResourcesBuildPhase section */
		AE80002C2CED60A000A9CC0F /* Resources */ = {
			isa = PBXResourcesBuildPhase;
			buildActionMask = 2147483647;
			files = (
			);
			runOnlyForDeploymentPostprocessing = 0;
		};
		AE8000422CED60A200A9CC0F /* Resources */ = {
			isa = PBXResourcesBuildPhase;
			buildActionMask = 2147483647;
			files = (
			);
			runOnlyForDeploymentPostprocessing = 0;
		};
		AE80004C2CED60A200A9CC0F /* Resources */ = {
			isa = PBXResourcesBuildPhase;
			buildActionMask = 2147483647;
			files = (
			);
			runOnlyForDeploymentPostprocessing = 0;
		};
/* End PBXResourcesBuildPhase section */

/* Begin PBXSourcesBuildPhase section */
		AE80002A2CED60A000A9CC0F /* Sources */ = {
			isa = PBXSourcesBuildPhase;
			buildActionMask = 2147483647;
			files = (
			);
			runOnlyForDeploymentPostprocessing = 0;
		};
		AE8000402CED60A200A9CC0F /* Sources */ = {
			isa = PBXSourcesBuildPhase;
			buildActionMask = 2147483647;
			files = (
			);
			runOnlyForDeploymentPostprocessing = 0;
		};
		AE80004A2CED60A200A9CC0F /* Sources */ = {
			isa = PBXSourcesBuildPhase;
			buildActionMask = 2147483647;
			files = (
			);
			runOnlyForDeploymentPostprocessing = 0;
		};
/* End PBXSourcesBuildPhase section */

/* Begin PBXTargetDependency section */
		AE8000462CED60A200A9CC0F /* PBXTargetDependency */ = {
			isa = PBXTargetDependency;
			target = AE80002D2CED60A000A9CC0F /* VoiceBloom */;
			targetProxy = AE8000452CED60A200A9CC0F /* PBXContainerItemProxy */;
		};
		AE8000502CED60A200A9CC0F /* PBXTargetDependency */ = {
			isa = PBXTargetDependency;
			target = AE80002D2CED60A000A9CC0F /* VoiceBloom */;
			targetProxy = AE80004F2CED60A200A9CC0F /* PBXContainerItemProxy */;
		};
/* End PBXTargetDependency section */

/* Begin XCBuildConfiguration section */
		AE8000582CED60A200A9CC0F /* Debug */ = {
			isa = XCBuildConfiguration;
			buildSettings = {
				ASSETCATALOG_COMPILER_APPICON_NAME = AppIcon;
				ASSETCATALOG_COMPILER_GLOBAL_ACCENT_COLOR_NAME = AccentColor;
				CODE_SIGN_STYLE = Automatic;
				CURRENT_PROJECT_VERSION = 1;
				DEVELOPMENT_TEAM = XZLJMDUCP6;
				GENERATE_INFOPLIST_FILE = YES;
				INFOPLIST_FILE = VoiceBloom/Info.plist;
				INFOPLIST_KEY_UIApplicationSupportsIndirectInputEvents = YES;
				INFOPLIST_KEY_UILaunchStoryboardName = LaunchScreen;
				INFOPLIST_KEY_UIMainStoryboardFile = Main;
				INFOPLIST_KEY_UISupportedInterfaceOrientations_iPad = "UIInterfaceOrientationPortrait UIInterfaceOrientationPortraitUpsideDown UIInterfaceOrientationLandscapeLeft UIInterfaceOrientationLandscapeRight";
				INFOPLIST_KEY_UISupportedInterfaceOrientations_iPhone = "UIInterfaceOrientationPortrait UIInterfaceOrientationLandscapeLeft UIInterfaceOrientationLandscapeRight";
				LD_RUNPATH_SEARCH_PATHS = (
					"$(inherited)",
					"@executable_path/Frameworks",
				);
				MARKETING_VERSION = 1.0;
				PRODUCT_BUNDLE_IDENTIFIER = edu.monmouth.s1314874.VoiceBloom;
				PRODUCT_NAME = "$(TARGET_NAME)";
				SWIFT_EMIT_LOC_STRINGS = YES;
				SWIFT_VERSION = 5.0;
				TARGETED_DEVICE_FAMILY = "1,2";
			};
			name = Debug;
		};
		AE8000592CED60A200A9CC0F /* Release */ = {
			isa = XCBuildConfiguration;
			buildSettings = {
				ASSETCATALOG_COMPILER_APPICON_NAME = AppIcon;
				ASSETCATALOG_COMPILER_GLOBAL_ACCENT_COLOR_NAME = AccentColor;
				CODE_SIGN_STYLE = Automatic;
				CURRENT_PROJECT_VERSION = 1;
				DEVELOPMENT_TEAM = XZLJMDUCP6;
				GENERATE_INFOPLIST_FILE = YES;
				INFOPLIST_FILE = VoiceBloom/Info.plist;
				INFOPLIST_KEY_UIApplicationSupportsIndirectInputEvents = YES;
				INFOPLIST_KEY_UILaunchStoryboardName = LaunchScreen;
				INFOPLIST_KEY_UIMainStoryboardFile = Main;
				INFOPLIST_KEY_UISupportedInterfaceOrientations_iPad = "UIInterfaceOrientationPortrait UIInterfaceOrientationPortraitUpsideDown UIInterfaceOrientationLandscapeLeft UIInterfaceOrientationLandscapeRight";
				INFOPLIST_KEY_UISupportedInterfaceOrientations_iPhone = "UIInterfaceOrientationPortrait UIInterfaceOrientationLandscapeLeft UIInterfaceOrientationLandscapeRight";
				LD_RUNPATH_SEARCH_PATHS = (
					"$(inherited)",
					"@executable_path/Frameworks",
				);
				MARKETING_VERSION = 1.0;
				PRODUCT_BUNDLE_IDENTIFIER = edu.monmouth.s1314874.VoiceBloom;
				PRODUCT_NAME = "$(TARGET_NAME)";
				SWIFT_EMIT_LOC_STRINGS = YES;
				SWIFT_VERSION = 5.0;
				TARGETED_DEVICE_FAMILY = "1,2";
			};
			name = Release;
		};
		AE80005A2CED60A200A9CC0F /* Debug */ = {
			isa = XCBuildConfiguration;
			buildSettings = {
				ALWAYS_SEARCH_USER_PATHS = NO;
				ASSETCATALOG_COMPILER_GENERATE_SWIFT_ASSET_SYMBOL_EXTENSIONS = YES;
				CLANG_ANALYZER_NONNULL = YES;
				CLANG_ANALYZER_NUMBER_OBJECT_CONVERSION = YES_AGGRESSIVE;
				CLANG_CXX_LANGUAGE_STANDARD = "gnu++20";
				CLANG_ENABLE_MODULES = YES;
				CLANG_ENABLE_OBJC_ARC = YES;
				CLANG_ENABLE_OBJC_WEAK = YES;
				CLANG_WARN_BLOCK_CAPTURE_AUTORELEASING = YES;
				CLANG_WARN_BOOL_CONVERSION = YES;
				CLANG_WARN_COMMA = YES;
				CLANG_WARN_CONSTANT_CONVERSION = YES;
				CLANG_WARN_DEPRECATED_OBJC_IMPLEMENTATIONS = YES;
				CLANG_WARN_DIRECT_OBJC_ISA_USAGE = YES_ERROR;
				CLANG_WARN_DOCUMENTATION_COMMENTS = YES;
				CLANG_WARN_EMPTY_BODY = YES;
				CLANG_WARN_ENUM_CONVERSION = YES;
				CLANG_WARN_INFINITE_RECURSION = YES;
				CLANG_WARN_INT_CONVERSION = YES;
				CLANG_WARN_NON_LITERAL_NULL_CONVERSION = YES;
				CLANG_WARN_OBJC_IMPLICIT_RETAIN_SELF = YES;
				CLANG_WARN_OBJC_LITERAL_CONVERSION = YES;
				CLANG_WARN_OBJC_ROOT_CLASS = YES_ERROR;
				CLANG_WARN_QUOTED_INCLUDE_IN_FRAMEWORK_HEADER = YES;
				CLANG_WARN_RANGE_LOOP_ANALYSIS = YES;
				CLANG_WARN_STRICT_PROTOTYPES = YES;
				CLANG_WARN_SUSPICIOUS_MOVE = YES;
				CLANG_WARN_UNGUARDED_AVAILABILITY = YES_AGGRESSIVE;
				CLANG_WARN_UNREACHABLE_CODE = YES;
				CLANG_WARN__DUPLICATE_METHOD_MATCH = YES;
				COPY_PHASE_STRIP = NO;
				DEBUG_INFORMATION_FORMAT = dwarf;
				ENABLE_STRICT_OBJC_MSGSEND = YES;
				ENABLE_TESTABILITY = YES;
				ENABLE_USER_SCRIPT_SANDBOXING = YES;
				GCC_C_LANGUAGE_STANDARD = gnu17;
				GCC_DYNAMIC_NO_PIC = NO;
				GCC_NO_COMMON_BLOCKS = YES;
				GCC_OPTIMIZATION_LEVEL = 0;
				GCC_PREPROCESSOR_DEFINITIONS = (
					"DEBUG=1",
					"$(inherited)",
				);
				GCC_WARN_64_TO_32_BIT_CONVERSION = YES;
				GCC_WARN_ABOUT_RETURN_TYPE = YES_ERROR;
				GCC_WARN_UNDECLARED_SELECTOR = YES;
				GCC_WARN_UNINITIALIZED_AUTOS = YES_AGGRESSIVE;
				GCC_WARN_UNUSED_FUNCTION = YES;
				GCC_WARN_UNUSED_VARIABLE = YES;
				IPHONEOS_DEPLOYMENT_TARGET = 18.1;
				LOCALIZATION_PREFERS_STRING_CATALOGS = YES;
				MTL_ENABLE_DEBUG_INFO = INCLUDE_SOURCE;
				MTL_FAST_MATH = YES;
				ONLY_ACTIVE_ARCH = YES;
				SDKROOT = iphoneos;
				SWIFT_ACTIVE_COMPILATION_CONDITIONS = "DEBUG $(inherited)";
				SWIFT_OPTIMIZATION_LEVEL = "-Onone";
			};
			name = Debug;
		};
		AE80005B2CED60A200A9CC0F /* Release */ = {
			isa = XCBuildConfiguration;
			buildSettings = {
				ALWAYS_SEARCH_USER_PATHS = NO;
				ASSETCATALOG_COMPILER_GENERATE_SWIFT_ASSET_SYMBOL_EXTENSIONS = YES;
				CLANG_ANALYZER_NONNULL = YES;
				CLANG_ANALYZER_NUMBER_OBJECT_CONVERSION = YES_AGGRESSIVE;
				CLANG_CXX_LANGUAGE_STANDARD = "gnu++20";
				CLANG_ENABLE_MODULES = YES;
				CLANG_ENABLE_OBJC_ARC = YES;
				CLANG_ENABLE_OBJC_WEAK = YES;
				CLANG_WARN_BLOCK_CAPTURE_AUTORELEASING = YES;
				CLANG_WARN_BOOL_CONVERSION = YES;
				CLANG_WARN_COMMA = YES;
				CLANG_WARN_CONSTANT_CONVERSION = YES;
				CLANG_WARN_DEPRECATED_OBJC_IMPLEMENTATIONS = YES;
				CLANG_WARN_DIRECT_OBJC_ISA_USAGE = YES_ERROR;
				CLANG_WARN_DOCUMENTATION_COMMENTS = YES;
				CLANG_WARN_EMPTY_BODY = YES;
				CLANG_WARN_ENUM_CONVERSION = YES;
				CLANG_WARN_INFINITE_RECURSION = YES;
				CLANG_WARN_INT_CONVERSION = YES;
				CLANG_WARN_NON_LITERAL_NULL_CONVERSION = YES;
				CLANG_WARN_OBJC_IMPLICIT_RETAIN_SELF = YES;
				CLANG_WARN_OBJC_LITERAL_CONVERSION = YES;
				CLANG_WARN_OBJC_ROOT_CLASS = YES_ERROR;
				CLANG_WARN_QUOTED_INCLUDE_IN_FRAMEWORK_HEADER = YES;
				CLANG_WARN_RANGE_LOOP_ANALYSIS = YES;
				CLANG_WARN_STRICT_PROTOTYPES = YES;
				CLANG_WARN_SUSPICIOUS_MOVE = YES;
				CLANG_WARN_UNGUARDED_AVAILABILITY = YES_AGGRESSIVE;
				CLANG_WARN_UNREACHABLE_CODE = YES;
				CLANG_WARN__DUPLICATE_METHOD_MATCH = YES;
				COPY_PHASE_STRIP = NO;
				DEBUG_INFORMATION_FORMAT = "dwarf-with-dsym";
				ENABLE_NS_ASSERTIONS = NO;
				ENABLE_STRICT_OBJC_MSGSEND = YES;
				ENABLE_USER_SCRIPT_SANDBOXING = YES;
				GCC_C_LANGUAGE_STANDARD = gnu17;
				GCC_NO_COMMON_BLOCKS = YES;
				GCC_WARN_64_TO_32_BIT_CONVERSION = YES;
				GCC_WARN_ABOUT_RETURN_TYPE = YES_ERROR;
				GCC_WARN_UNDECLARED_SELECTOR = YES;
				GCC_WARN_UNINITIALIZED_AUTOS = YES_AGGRESSIVE;
				GCC_WARN_UNUSED_FUNCTION = YES;
				GCC_WARN_UNUSED_VARIABLE = YES;
				IPHONEOS_DEPLOYMENT_TARGET = 18.1;
				LOCALIZATION_PREFERS_STRING_CATALOGS = YES;
				MTL_ENABLE_DEBUG_INFO = NO;
				MTL_FAST_MATH = YES;
				SDKROOT = iphoneos;
				SWIFT_COMPILATION_MODE = wholemodule;
				VALIDATE_PRODUCT = YES;
			};
			name = Release;
		};
		AE80005D2CED60A200A9CC0F /* Debug */ = {
			isa = XCBuildConfiguration;
			buildSettings = {
				BUNDLE_LOADER = "$(TEST_HOST)";
				CODE_SIGN_STYLE = Automatic;
				CURRENT_PROJECT_VERSION = 1;
				DEVELOPMENT_TEAM = XZLJMDUCP6;
				GENERATE_INFOPLIST_FILE = YES;
				IPHONEOS_DEPLOYMENT_TARGET = 18.1;
				MARKETING_VERSION = 1.0;
				PRODUCT_BUNDLE_IDENTIFIER = edu.monmouth.s1314874.VoiceBloomTests;
				PRODUCT_NAME = "$(TARGET_NAME)";
				SWIFT_EMIT_LOC_STRINGS = NO;
				SWIFT_VERSION = 5.0;
				TARGETED_DEVICE_FAMILY = "1,2";
				TEST_HOST = "$(BUILT_PRODUCTS_DIR)/VoiceBloom.app/$(BUNDLE_EXECUTABLE_FOLDER_PATH)/VoiceBloom";
			};
			name = Debug;
		};
		AE80005E2CED60A200A9CC0F /* Release */ = {
			isa = XCBuildConfiguration;
			buildSettings = {
				BUNDLE_LOADER = "$(TEST_HOST)";
				CODE_SIGN_STYLE = Automatic;
				CURRENT_PROJECT_VERSION = 1;
				DEVELOPMENT_TEAM = XZLJMDUCP6;
				GENERATE_INFOPLIST_FILE = YES;
				IPHONEOS_DEPLOYMENT_TARGET = 18.1;
				MARKETING_VERSION = 1.0;
				PRODUCT_BUNDLE_IDENTIFIER = edu.monmouth.s1314874.VoiceBloomTests;
				PRODUCT_NAME = "$(TARGET_NAME)";
				SWIFT_EMIT_LOC_STRINGS = NO;
				SWIFT_VERSION = 5.0;
				TARGETED_DEVICE_FAMILY = "1,2";
				TEST_HOST = "$(BUILT_PRODUCTS_DIR)/VoiceBloom.app/$(BUNDLE_EXECUTABLE_FOLDER_PATH)/VoiceBloom";
			};
			name = Release;
		};
		AE8000602CED60A200A9CC0F /* Debug */ = {
			isa = XCBuildConfiguration;
			buildSettings = {
				CODE_SIGN_STYLE = Automatic;
				CURRENT_PROJECT_VERSION = 1;
				DEVELOPMENT_TEAM = XZLJMDUCP6;
				GENERATE_INFOPLIST_FILE = YES;
				MARKETING_VERSION = 1.0;
				PRODUCT_BUNDLE_IDENTIFIER = edu.monmouth.s1314874.VoiceBloomUITests;
				PRODUCT_NAME = "$(TARGET_NAME)";
				SWIFT_EMIT_LOC_STRINGS = NO;
				SWIFT_VERSION = 5.0;
				TARGETED_DEVICE_FAMILY = "1,2";
				TEST_TARGET_NAME = VoiceBloom;
			};
			name = Debug;
		};
		AE8000612CED60A200A9CC0F /* Release */ = {
			isa = XCBuildConfiguration;
			buildSettings = {
				CODE_SIGN_STYLE = Automatic;
				CURRENT_PROJECT_VERSION = 1;
				DEVELOPMENT_TEAM = XZLJMDUCP6;
				GENERATE_INFOPLIST_FILE = YES;
				MARKETING_VERSION = 1.0;
				PRODUCT_BUNDLE_IDENTIFIER = edu.monmouth.s1314874.VoiceBloomUITests;
				PRODUCT_NAME = "$(TARGET_NAME)";
				SWIFT_EMIT_LOC_STRINGS = NO;
				SWIFT_VERSION = 5.0;
				TARGETED_DEVICE_FAMILY = "1,2";
				TEST_TARGET_NAME = VoiceBloom;
			};
			name = Release;
		};
/* End XCBuildConfiguration section */

/* Begin XCConfigurationList section */
		AE8000292CED60A000A9CC0F /* Build configuration list for PBXProject "VoiceBloom" */ = {
			isa = XCConfigurationList;
			buildConfigurations = (
				AE80005A2CED60A200A9CC0F /* Debug */,
				AE80005B2CED60A200A9CC0F /* Release */,
			);
			defaultConfigurationIsVisible = 0;
			defaultConfigurationName = Release;
		};
		AE8000572CED60A200A9CC0F /* Build configuration list for PBXNativeTarget "VoiceBloom" */ = {
			isa = XCConfigurationList;
			buildConfigurations = (
				AE8000582CED60A200A9CC0F /* Debug */,
				AE8000592CED60A200A9CC0F /* Release */,
			);
			defaultConfigurationIsVisible = 0;
			defaultConfigurationName = Release;
		};
		AE80005C2CED60A200A9CC0F /* Build configuration list for PBXNativeTarget "VoiceBloomTests" */ = {
			isa = XCConfigurationList;
			buildConfigurations = (
				AE80005D2CED60A200A9CC0F /* Debug */,
				AE80005E2CED60A200A9CC0F /* Release */,
			);
			defaultConfigurationIsVisible = 0;
			defaultConfigurationName = Release;
		};
		AE80005F2CED60A200A9CC0F /* Build configuration list for PBXNativeTarget "VoiceBloomUITests" */ = {
			isa = XCConfigurationList;
			buildConfigurations = (
				AE8000602CED60A200A9CC0F /* Debug */,
				AE8000612CED60A200A9CC0F /* Release */,
			);
			defaultConfigurationIsVisible = 0;
			defaultConfigurationName = Release;
		};
/* End XCConfigurationList section */

/* Begin XCRemoteSwiftPackageReference section */
		AE8000682CED640E00A9CC0F /* XCRemoteSwiftPackageReference "firebase-ios-sdk" */ = {
			isa = XCRemoteSwiftPackageReference;
			repositoryURL = "https://github.com/firebase/firebase-ios-sdk";
			requirement = {
				kind = upToNextMajorVersion;
				minimumVersion = 11.5.0;
			};
		};
/* End XCRemoteSwiftPackageReference section */

/* Begin XCSwiftPackageProductDependency section */
		AE8000692CED640E00A9CC0F /* FirebaseAnalytics */ = {
			isa = XCSwiftPackageProductDependency;
			package = AE8000682CED640E00A9CC0F /* XCRemoteSwiftPackageReference "firebase-ios-sdk" */;
			productName = FirebaseAnalytics;
		};
		AE80006B2CED640E00A9CC0F /* FirebaseAuth */ = {
			isa = XCSwiftPackageProductDependency;
			package = AE8000682CED640E00A9CC0F /* XCRemoteSwiftPackageReference "firebase-ios-sdk" */;
			productName = FirebaseAuth;
		};
		AE80006D2CED640E00A9CC0F /* FirebaseCore */ = {
			isa = XCSwiftPackageProductDependency;
			package = AE8000682CED640E00A9CC0F /* XCRemoteSwiftPackageReference "firebase-ios-sdk" */;
			productName = FirebaseCore;
		};
		AE80006F2CED640E00A9CC0F /* FirebaseFirestore */ = {
			isa = XCSwiftPackageProductDependency;
			package = AE8000682CED640E00A9CC0F /* XCRemoteSwiftPackageReference "firebase-ios-sdk" */;
			productName = FirebaseFirestore;
		};
		AE8000712CED640E00A9CC0F /* FirebaseStorage */ = {
			isa = XCSwiftPackageProductDependency;
			package = AE8000682CED640E00A9CC0F /* XCRemoteSwiftPackageReference "firebase-ios-sdk" */;
			productName = FirebaseStorage;
		};
/* End XCSwiftPackageProductDependency section */
	};
	rootObject = AE8000262CED60A000A9CC0F /* Project object */;
}
